{
  "object": {
    "pins": [
      {
        "package": "BindableSwiftUIRedux",
        "repositoryURL": "https://github.com/BenedictQ/Bindable-SwiftUI-Redux.git",
        "state": {
          "branch": "master",
          "revision": "e162b1ec3d5c22288cc4ef722ea1d4626dedac5e",
          "version": null
        }
      }
    ]
  },
  "version": 1
}
