{
  "object": {
    "pins": [
      {
        "package": "BindableSwiftUIRedux",
        "repositoryURL": "https://github.com/BenedictQ/Bindable-SwiftUI-Redux.git",
        "state": {
          "branch": "master",
          "revision": "056b88c13d1526e48d75e3eb2edff7c36b379a34",
          "version": null
        }
      }
    ]
  },
  "version": 1
}
