{
  "object": {
    "pins": [
      {
        "package": "BindableSwiftUIRedux",
        "repositoryURL": "https://github.com/BenedictQ/Bindable-SwiftUI-Redux.git",
        "state": {
          "branch": "feature-favour-structs",
          "revision": "1c2d9d04417f0bf5768f7ee16e55aa54fdf57e33",
          "version": null
        }
      }
    ]
  },
  "version": 1
}
