{
  "object": {
    "pins": [
      {
        "package": "BindableSwiftUIRedux",
        "repositoryURL": "https://github.com/BenedictQ/Bindable-SwiftUI-Redux.git",
        "state": {
          "branch": "master",
          "revision": "f6e8e153909217a687526d57ac09b77f2a8efc58",
          "version": null
        }
      }
    ]
  },
  "version": 1
}
